
Microsoft Visual Studio Solution File, Format Version 12.00
# Visual Studio Version 16
VisualStudioVersion = 16.0.29613.14
MinimumVisualStudioVersion = 10.0.40219.1
Project("{8BC9CEB8-8B4A-11D0-8D11-00A0C91BC942}") = "HolaMundo", "HolaMundo\HolaMundo.vcxproj", "{1F4AA4E0-5425-44C8-A166-2C5E9ADA7CC6}"
EndProject
Project("{2150E333-8FDC-42A3-9474-1A3956D46DE8}") = "Semana1", "Semana1", "{10E5632D-EC1E-43A0-BFD1-81143BAD70FE}"
EndProject
Project("{8BC9CEB8-8B4A-11D0-8D11-00A0C91BC942}") = "SolicitudDatos", "SolicitudDatos\SolicitudDatos.vcxproj", "{90151F57-DAF9-45F4-814C-299E36830051}"
EndProject
Project("{8BC9CEB8-8B4A-11D0-8D11-00A0C91BC942}") = "EjercicioNotas", "EjercicioNotas\EjercicioNotas.vcxproj", "{055871DB-960E-491A-8665-BDD2341665B6}"
EndProject
Project("{2150E333-8FDC-42A3-9474-1A3956D46DE8}") = "Semana2", "Semana2", "{E0FAC9EA-E015-41A7-AC8B-00B9215E2A1F}"
EndProject
Project("{8BC9CEB8-8B4A-11D0-8D11-00A0C91BC942}") = "EjemploClasesInterfazImplementacion", "EjemploClasesInterfazImplementacion\EjemploClasesInterfazImplementacion.vcxproj", "{079696C9-86BB-4DB6-B810-D7A640B6CC9D}"
EndProject
Project("{8BC9CEB8-8B4A-11D0-8D11-00A0C91BC942}") = "EjemploHerencia", "EjemploHerencia\EjemploHerencia.vcxproj", "{45A24182-DB13-4A6E-8615-7AE4395E8B16}"
EndProject
Project("{2150E333-8FDC-42A3-9474-1A3956D46DE8}") = "Semana3", "Semana3", "{68A5758D-0808-4BAD-85D2-59F36AB1830C}"
EndProject
Project("{8BC9CEB8-8B4A-11D0-8D11-00A0C91BC942}") = "EjercicioPolimorfismo", "EjercicioPolimorfismo\EjercicioPolimorfismo.vcxproj", "{2D335E6D-C631-4B2A-860D-566CF6EF17AB}"
EndProject
Project("{8BC9CEB8-8B4A-11D0-8D11-00A0C91BC942}") = "EjemploSobrecargaOperadores", "EjemploSobrecargaOperadores\EjemploSobrecargaOperadores.vcxproj", "{7458E557-CF6D-46E7-A3B6-95C16957ADD0}"
EndProject
Project("{2150E333-8FDC-42A3-9474-1A3956D46DE8}") = "Semana4", "Semana4", "{EA3F185E-5C87-42E2-8F2E-04873E206D7D}"
EndProject
Project("{8BC9CEB8-8B4A-11D0-8D11-00A0C91BC942}") = "EjemploSobrecarga", "EjemploSobrecarga\EjemploSobrecarga.vcxproj", "{BC822D49-5033-4B4F-8FBA-11FE52893D1E}"
EndProject
Project("{8BC9CEB8-8B4A-11D0-8D11-00A0C91BC942}") = "EnteroGrande", "EnteroGrande\EnteroGrande.vcxproj", "{16214C4C-53D5-42EA-B07D-706F4989CB23}"
EndProject
Project("{2150E333-8FDC-42A3-9474-1A3956D46DE8}") = "Semana6", "Semana6", "{E439848F-1719-48CA-9089-C94F449609C8}"
EndProject
Project("{8BC9CEB8-8B4A-11D0-8D11-00A0C91BC942}") = "ejemploApuntadores", "ejemploApuntadores\ejemploApuntadores.vcxproj", "{86D840EE-C525-4CE6-930D-A15EB9D7DFC4}"
EndProject
Project("{8BC9CEB8-8B4A-11D0-8D11-00A0C91BC942}") = "EjemploListaEnlazadaSimple", "EjemploListaEnlazadaSimple\EjemploListaEnlazadaSimple.vcxproj", "{EE1F49E9-D916-45AB-A812-7D883F6BB7F0}"
EndProject
Project("{8BC9CEB8-8B4A-11D0-8D11-00A0C91BC942}") = "EjercicioListaDobleCircular", "EjercicioListaDobleCircular\EjercicioListaDobleCircular.vcxproj", "{D83EADC2-DE76-4C97-8B0D-E3A03CAAF01B}"
EndProject
Project("{8BC9CEB8-8B4A-11D0-8D11-00A0C91BC942}") = "EjemploArbolBinario", "EjemploArbolBinario\EjemploArbolBinario.vcxproj", "{E4651CE7-5368-488F-96D6-ABE43B1B367E}"
EndProject
Project("{2150E333-8FDC-42A3-9474-1A3956D46DE8}") = "Semana8", "Semana8", "{2A726B06-8DD3-4E95-8E35-5376C1C7C616}"
EndProject
Project("{8BC9CEB8-8B4A-11D0-8D11-00A0C91BC942}") = "PrototipoTeoriaConjuntos", "PrototipoTeoriaConjuntos\PrototipoTeoriaConjuntos.vcxproj", "{888B328D-08E5-4C95-BFA5-570F7549D77F}"
EndProject
Global
	GlobalSection(SolutionConfigurationPlatforms) = preSolution
		Debug|x64 = Debug|x64
		Debug|x86 = Debug|x86
		Release|x64 = Release|x64
		Release|x86 = Release|x86
	EndGlobalSection
	GlobalSection(ProjectConfigurationPlatforms) = postSolution
		{1F4AA4E0-5425-44C8-A166-2C5E9ADA7CC6}.Debug|x64.ActiveCfg = Debug|x64
		{1F4AA4E0-5425-44C8-A166-2C5E9ADA7CC6}.Debug|x64.Build.0 = Debug|x64
		{1F4AA4E0-5425-44C8-A166-2C5E9ADA7CC6}.Debug|x86.ActiveCfg = Debug|Win32
		{1F4AA4E0-5425-44C8-A166-2C5E9ADA7CC6}.Debug|x86.Build.0 = Debug|Win32
		{1F4AA4E0-5425-44C8-A166-2C5E9ADA7CC6}.Release|x64.ActiveCfg = Release|x64
		{1F4AA4E0-5425-44C8-A166-2C5E9ADA7CC6}.Release|x64.Build.0 = Release|x64
		{1F4AA4E0-5425-44C8-A166-2C5E9ADA7CC6}.Release|x86.ActiveCfg = Release|Win32
		{1F4AA4E0-5425-44C8-A166-2C5E9ADA7CC6}.Release|x86.Build.0 = Release|Win32
		{90151F57-DAF9-45F4-814C-299E36830051}.Debug|x64.ActiveCfg = Debug|x64
		{90151F57-DAF9-45F4-814C-299E36830051}.Debug|x64.Build.0 = Debug|x64
		{90151F57-DAF9-45F4-814C-299E36830051}.Debug|x86.ActiveCfg = Debug|Win32
		{90151F57-DAF9-45F4-814C-299E36830051}.Debug|x86.Build.0 = Debug|Win32
		{90151F57-DAF9-45F4-814C-299E36830051}.Release|x64.ActiveCfg = Release|x64
		{90151F57-DAF9-45F4-814C-299E36830051}.Release|x64.Build.0 = Release|x64
		{90151F57-DAF9-45F4-814C-299E36830051}.Release|x86.ActiveCfg = Release|Win32
		{90151F57-DAF9-45F4-814C-299E36830051}.Release|x86.Build.0 = Release|Win32
		{055871DB-960E-491A-8665-BDD2341665B6}.Debug|x64.ActiveCfg = Debug|x64
		{055871DB-960E-491A-8665-BDD2341665B6}.Debug|x64.Build.0 = Debug|x64
		{055871DB-960E-491A-8665-BDD2341665B6}.Debug|x86.ActiveCfg = Debug|Win32
		{055871DB-960E-491A-8665-BDD2341665B6}.Debug|x86.Build.0 = Debug|Win32
		{055871DB-960E-491A-8665-BDD2341665B6}.Release|x64.ActiveCfg = Release|x64
		{055871DB-960E-491A-8665-BDD2341665B6}.Release|x64.Build.0 = Release|x64
		{055871DB-960E-491A-8665-BDD2341665B6}.Release|x86.ActiveCfg = Release|Win32
		{055871DB-960E-491A-8665-BDD2341665B6}.Release|x86.Build.0 = Release|Win32
		{079696C9-86BB-4DB6-B810-D7A640B6CC9D}.Debug|x64.ActiveCfg = Debug|x64
		{079696C9-86BB-4DB6-B810-D7A640B6CC9D}.Debug|x64.Build.0 = Debug|x64
		{079696C9-86BB-4DB6-B810-D7A640B6CC9D}.Debug|x86.ActiveCfg = Debug|Win32
		{079696C9-86BB-4DB6-B810-D7A640B6CC9D}.Debug|x86.Build.0 = Debug|Win32
		{079696C9-86BB-4DB6-B810-D7A640B6CC9D}.Release|x64.ActiveCfg = Release|x64
		{079696C9-86BB-4DB6-B810-D7A640B6CC9D}.Release|x64.Build.0 = Release|x64
		{079696C9-86BB-4DB6-B810-D7A640B6CC9D}.Release|x86.ActiveCfg = Release|Win32
		{079696C9-86BB-4DB6-B810-D7A640B6CC9D}.Release|x86.Build.0 = Release|Win32
		{45A24182-DB13-4A6E-8615-7AE4395E8B16}.Debug|x64.ActiveCfg = Debug|x64
		{45A24182-DB13-4A6E-8615-7AE4395E8B16}.Debug|x64.Build.0 = Debug|x64
		{45A24182-DB13-4A6E-8615-7AE4395E8B16}.Debug|x86.ActiveCfg = Debug|Win32
		{45A24182-DB13-4A6E-8615-7AE4395E8B16}.Debug|x86.Build.0 = Debug|Win32
		{45A24182-DB13-4A6E-8615-7AE4395E8B16}.Release|x64.ActiveCfg = Release|x64
		{45A24182-DB13-4A6E-8615-7AE4395E8B16}.Release|x64.Build.0 = Release|x64
		{45A24182-DB13-4A6E-8615-7AE4395E8B16}.Release|x86.ActiveCfg = Release|Win32
		{45A24182-DB13-4A6E-8615-7AE4395E8B16}.Release|x86.Build.0 = Release|Win32
		{2D335E6D-C631-4B2A-860D-566CF6EF17AB}.Debug|x64.ActiveCfg = Debug|x64
		{2D335E6D-C631-4B2A-860D-566CF6EF17AB}.Debug|x64.Build.0 = Debug|x64
		{2D335E6D-C631-4B2A-860D-566CF6EF17AB}.Debug|x86.ActiveCfg = Debug|Win32
		{2D335E6D-C631-4B2A-860D-566CF6EF17AB}.Debug|x86.Build.0 = Debug|Win32
		{2D335E6D-C631-4B2A-860D-566CF6EF17AB}.Release|x64.ActiveCfg = Release|x64
		{2D335E6D-C631-4B2A-860D-566CF6EF17AB}.Release|x64.Build.0 = Release|x64
		{2D335E6D-C631-4B2A-860D-566CF6EF17AB}.Release|x86.ActiveCfg = Release|Win32
		{2D335E6D-C631-4B2A-860D-566CF6EF17AB}.Release|x86.Build.0 = Release|Win32
		{7458E557-CF6D-46E7-A3B6-95C16957ADD0}.Debug|x64.ActiveCfg = Debug|x64
		{7458E557-CF6D-46E7-A3B6-95C16957ADD0}.Debug|x64.Build.0 = Debug|x64
		{7458E557-CF6D-46E7-A3B6-95C16957ADD0}.Debug|x86.ActiveCfg = Debug|Win32
		{7458E557-CF6D-46E7-A3B6-95C16957ADD0}.Debug|x86.Build.0 = Debug|Win32
		{7458E557-CF6D-46E7-A3B6-95C16957ADD0}.Release|x64.ActiveCfg = Release|x64
		{7458E557-CF6D-46E7-A3B6-95C16957ADD0}.Release|x64.Build.0 = Release|x64
		{7458E557-CF6D-46E7-A3B6-95C16957ADD0}.Release|x86.ActiveCfg = Release|Win32
		{7458E557-CF6D-46E7-A3B6-95C16957ADD0}.Release|x86.Build.0 = Release|Win32
		{BC822D49-5033-4B4F-8FBA-11FE52893D1E}.Debug|x64.ActiveCfg = Debug|x64
		{BC822D49-5033-4B4F-8FBA-11FE52893D1E}.Debug|x64.Build.0 = Debug|x64
		{BC822D49-5033-4B4F-8FBA-11FE52893D1E}.Debug|x86.ActiveCfg = Debug|Win32
		{BC822D49-5033-4B4F-8FBA-11FE52893D1E}.Debug|x86.Build.0 = Debug|Win32
		{BC822D49-5033-4B4F-8FBA-11FE52893D1E}.Release|x64.ActiveCfg = Release|x64
		{BC822D49-5033-4B4F-8FBA-11FE52893D1E}.Release|x64.Build.0 = Release|x64
		{BC822D49-5033-4B4F-8FBA-11FE52893D1E}.Release|x86.ActiveCfg = Release|Win32
		{BC822D49-5033-4B4F-8FBA-11FE52893D1E}.Release|x86.Build.0 = Release|Win32
		{16214C4C-53D5-42EA-B07D-706F4989CB23}.Debug|x64.ActiveCfg = Debug|x64
		{16214C4C-53D5-42EA-B07D-706F4989CB23}.Debug|x64.Build.0 = Debug|x64
		{16214C4C-53D5-42EA-B07D-706F4989CB23}.Debug|x86.ActiveCfg = Debug|Win32
		{16214C4C-53D5-42EA-B07D-706F4989CB23}.Debug|x86.Build.0 = Debug|Win32
		{16214C4C-53D5-42EA-B07D-706F4989CB23}.Release|x64.ActiveCfg = Release|x64
		{16214C4C-53D5-42EA-B07D-706F4989CB23}.Release|x64.Build.0 = Release|x64
		{16214C4C-53D5-42EA-B07D-706F4989CB23}.Release|x86.ActiveCfg = Release|Win32
		{16214C4C-53D5-42EA-B07D-706F4989CB23}.Release|x86.Build.0 = Release|Win32
		{86D840EE-C525-4CE6-930D-A15EB9D7DFC4}.Debug|x64.ActiveCfg = Debug|x64
		{86D840EE-C525-4CE6-930D-A15EB9D7DFC4}.Debug|x64.Build.0 = Debug|x64
		{86D840EE-C525-4CE6-930D-A15EB9D7DFC4}.Debug|x86.ActiveCfg = Debug|Win32
		{86D840EE-C525-4CE6-930D-A15EB9D7DFC4}.Debug|x86.Build.0 = Debug|Win32
		{86D840EE-C525-4CE6-930D-A15EB9D7DFC4}.Release|x64.ActiveCfg = Release|x64
		{86D840EE-C525-4CE6-930D-A15EB9D7DFC4}.Release|x64.Build.0 = Release|x64
		{86D840EE-C525-4CE6-930D-A15EB9D7DFC4}.Release|x86.ActiveCfg = Release|Win32
		{86D840EE-C525-4CE6-930D-A15EB9D7DFC4}.Release|x86.Build.0 = Release|Win32
		{EE1F49E9-D916-45AB-A812-7D883F6BB7F0}.Debug|x64.ActiveCfg = Debug|x64
		{EE1F49E9-D916-45AB-A812-7D883F6BB7F0}.Debug|x64.Build.0 = Debug|x64
		{EE1F49E9-D916-45AB-A812-7D883F6BB7F0}.Debug|x86.ActiveCfg = Debug|Win32
		{EE1F49E9-D916-45AB-A812-7D883F6BB7F0}.Debug|x86.Build.0 = Debug|Win32
		{EE1F49E9-D916-45AB-A812-7D883F6BB7F0}.Release|x64.ActiveCfg = Release|x64
		{EE1F49E9-D916-45AB-A812-7D883F6BB7F0}.Release|x64.Build.0 = Release|x64
		{EE1F49E9-D916-45AB-A812-7D883F6BB7F0}.Release|x86.ActiveCfg = Release|Win32
		{EE1F49E9-D916-45AB-A812-7D883F6BB7F0}.Release|x86.Build.0 = Release|Win32
		{D83EADC2-DE76-4C97-8B0D-E3A03CAAF01B}.Debug|x64.ActiveCfg = Debug|x64
		{D83EADC2-DE76-4C97-8B0D-E3A03CAAF01B}.Debug|x64.Build.0 = Debug|x64
		{D83EADC2-DE76-4C97-8B0D-E3A03CAAF01B}.Debug|x86.ActiveCfg = Debug|Win32
		{D83EADC2-DE76-4C97-8B0D-E3A03CAAF01B}.Debug|x86.Build.0 = Debug|Win32
		{D83EADC2-DE76-4C97-8B0D-E3A03CAAF01B}.Release|x64.ActiveCfg = Release|x64
		{D83EADC2-DE76-4C97-8B0D-E3A03CAAF01B}.Release|x64.Build.0 = Release|x64
		{D83EADC2-DE76-4C97-8B0D-E3A03CAAF01B}.Release|x86.ActiveCfg = Release|Win32
		{D83EADC2-DE76-4C97-8B0D-E3A03CAAF01B}.Release|x86.Build.0 = Release|Win32
		{E4651CE7-5368-488F-96D6-ABE43B1B367E}.Debug|x64.ActiveCfg = Debug|x64
		{E4651CE7-5368-488F-96D6-ABE43B1B367E}.Debug|x64.Build.0 = Debug|x64
		{E4651CE7-5368-488F-96D6-ABE43B1B367E}.Debug|x86.ActiveCfg = Debug|Win32
		{E4651CE7-5368-488F-96D6-ABE43B1B367E}.Debug|x86.Build.0 = Debug|Win32
		{E4651CE7-5368-488F-96D6-ABE43B1B367E}.Release|x64.ActiveCfg = Release|x64
		{E4651CE7-5368-488F-96D6-ABE43B1B367E}.Release|x64.Build.0 = Release|x64
		{E4651CE7-5368-488F-96D6-ABE43B1B367E}.Release|x86.ActiveCfg = Release|Win32
		{E4651CE7-5368-488F-96D6-ABE43B1B367E}.Release|x86.Build.0 = Release|Win32
		{888B328D-08E5-4C95-BFA5-570F7549D77F}.Debug|x64.ActiveCfg = Debug|x64
		{888B328D-08E5-4C95-BFA5-570F7549D77F}.Debug|x64.Build.0 = Debug|x64
		{888B328D-08E5-4C95-BFA5-570F7549D77F}.Debug|x86.ActiveCfg = Debug|Win32
		{888B328D-08E5-4C95-BFA5-570F7549D77F}.Debug|x86.Build.0 = Debug|Win32
		{888B328D-08E5-4C95-BFA5-570F7549D77F}.Release|x64.ActiveCfg = Release|x64
		{888B328D-08E5-4C95-BFA5-570F7549D77F}.Release|x64.Build.0 = Release|x64
		{888B328D-08E5-4C95-BFA5-570F7549D77F}.Release|x86.ActiveCfg = Release|Win32
		{888B328D-08E5-4C95-BFA5-570F7549D77F}.Release|x86.Build.0 = Release|Win32
	EndGlobalSection
	GlobalSection(SolutionProperties) = preSolution
		HideSolutionNode = FALSE
	EndGlobalSection
	GlobalSection(NestedProjects) = preSolution
		{1F4AA4E0-5425-44C8-A166-2C5E9ADA7CC6} = {10E5632D-EC1E-43A0-BFD1-81143BAD70FE}
		{90151F57-DAF9-45F4-814C-299E36830051} = {10E5632D-EC1E-43A0-BFD1-81143BAD70FE}
		{055871DB-960E-491A-8665-BDD2341665B6} = {10E5632D-EC1E-43A0-BFD1-81143BAD70FE}
		{079696C9-86BB-4DB6-B810-D7A640B6CC9D} = {E0FAC9EA-E015-41A7-AC8B-00B9215E2A1F}
		{45A24182-DB13-4A6E-8615-7AE4395E8B16} = {E0FAC9EA-E015-41A7-AC8B-00B9215E2A1F}
		{2D335E6D-C631-4B2A-860D-566CF6EF17AB} = {68A5758D-0808-4BAD-85D2-59F36AB1830C}
		{7458E557-CF6D-46E7-A3B6-95C16957ADD0} = {68A5758D-0808-4BAD-85D2-59F36AB1830C}
		{BC822D49-5033-4B4F-8FBA-11FE52893D1E} = {EA3F185E-5C87-42E2-8F2E-04873E206D7D}
		{16214C4C-53D5-42EA-B07D-706F4989CB23} = {EA3F185E-5C87-42E2-8F2E-04873E206D7D}
		{86D840EE-C525-4CE6-930D-A15EB9D7DFC4} = {E439848F-1719-48CA-9089-C94F449609C8}
		{EE1F49E9-D916-45AB-A812-7D883F6BB7F0} = {E439848F-1719-48CA-9089-C94F449609C8}
		{D83EADC2-DE76-4C97-8B0D-E3A03CAAF01B} = {E439848F-1719-48CA-9089-C94F449609C8}
		{E4651CE7-5368-488F-96D6-ABE43B1B367E} = {E439848F-1719-48CA-9089-C94F449609C8}
		{888B328D-08E5-4C95-BFA5-570F7549D77F} = {2A726B06-8DD3-4E95-8E35-5376C1C7C616}
	EndGlobalSection
	GlobalSection(ExtensibilityGlobals) = postSolution
		SolutionGuid = {98C98A58-85BA-4DC1-98D8-7DFB719B2F4E}
	EndGlobalSection
EndGlobal
